speakeasyVersion: 1.680.3
sources:
    Daydream API Documentation:
        sourceNamespace: daydream-api-documentation
        sourceRevisionDigest: sha256:0c325ad81711bb3ef456d6070dc45c1873f3c70ef803dce1c4fcf1c2436cba61
        sourceBlobDigest: sha256:2469f7652480ab160bb0586ce3236b4ca94cc47ccb0ed01435c38b9cc4cb38fb
        tags:
            - latest
            - 1.0.0
targets:
    daydream:
        source: Daydream API Documentation
        sourceNamespace: daydream-api-documentation
        sourceRevisionDigest: sha256:0c325ad81711bb3ef456d6070dc45c1873f3c70ef803dce1c4fcf1c2436cba61
        sourceBlobDigest: sha256:2469f7652480ab160bb0586ce3236b4ca94cc47ccb0ed01435c38b9cc4cb38fb
        codeSamplesNamespace: daydream-api-documentation-typescript-code-samples
        codeSamplesRevisionDigest: sha256:39547096161b73c92e568ee48318e60fc9f5c8e9688dff2383c9672e876ccd7d
workflow:
    workflowVersion: 1.0.0
    speakeasyVersion: latest
    sources:
        Daydream API Documentation:
            inputs:
                - location: ../pipelines/apps/api/openapi/openapi.public.json
            overlays:
                - location: .speakeasy/speakeasy-modifications-overlay.yaml
            output: .speakeasy/out.openapi.yaml
            registry:
                location: registry.speakeasyapi.dev/livepeer/livepeer/daydream-api-documentation
    targets:
        daydream:
            target: typescript
            source: Daydream API Documentation
            publish:
                npm:
                    token: $npm_token
            codeSamples:
                registry:
                    location: registry.speakeasyapi.dev/livepeer/livepeer/daydream-api-documentation-typescript-code-samples
                labelOverride:
                    fixedValue: Typescript (SDK)
                blocking: false
